
Microsoft Visual Studio Solution File, Format Version 12.00
# Visual Studio Version 16
VisualStudioVersion = 16.0.30503.244
MinimumVisualStudioVersion = 10.0.40219.1
Project("{FAE04EC0-301F-11D3-BF4B-00C04F79EFBC}") = "Word Generator", "Word Generator\Word Generator.csproj", "{90F11483-206F-4C95-9C07-FD0E38A28C76}"
EndProject
Global
	GlobalSection(SolutionConfigurationPlatforms) = preSolution
		Debug|Any CPU = Debug|Any CPU
		Release|Any CPU = Release|Any CPU
	EndGlobalSection
	GlobalSection(ProjectConfigurationPlatforms) = postSolution
		{90F11483-206F-4C95-9C07-FD0E38A28C76}.Debug|Any CPU.ActiveCfg = Debug|Any CPU
		{90F11483-206F-4C95-9C07-FD0E38A28C76}.Debug|Any CPU.Build.0 = Debug|Any CPU
		{90F11483-206F-4C95-9C07-FD0E38A28C76}.Release|Any CPU.ActiveCfg = Release|Any CPU
		{90F11483-206F-4C95-9C07-FD0E38A28C76}.Release|Any CPU.Build.0 = Release|Any CPU
	EndGlobalSection
	GlobalSection(SolutionProperties) = preSolution
		HideSolutionNode = FALSE
	EndGlobalSection
	GlobalSection(ExtensibilityGlobals) = postSolution
		SolutionGuid = {BF2D7DA6-9545-4716-B089-D822F6186040}
	EndGlobalSection
EndGlobal
